
Microsoft Visual Studio Solution File, Format Version 11.00
# Visual Studio 2010
Project("{FAE04EC0-301F-11D3-BF4B-00C04F79EFBC}") = "MonkeyApp", "MonkeyApp\MonkeyApp.csproj", "{AF656715-D4F5-4E92-84E0-43F4EF07A7E8}"
EndProject
Global
	GlobalSection(SolutionConfigurationPlatforms) = preSolution
		Debug|iPhoneSimulator = Debug|iPhoneSimulator
		Release|iPhoneSimulator = Release|iPhoneSimulator
		Debug|iPhone = Debug|iPhone
		Release|iPhone = Release|iPhone
		Ad-Hoc|iPhone = Ad-Hoc|iPhone
		AppStore|iPhone = AppStore|iPhone
	EndGlobalSection
	GlobalSection(ProjectConfigurationPlatforms) = postSolution
		{AF656715-D4F5-4E92-84E0-43F4EF07A7E8}.Ad-Hoc|iPhone.ActiveCfg = Ad-Hoc|iPhone
		{AF656715-D4F5-4E92-84E0-43F4EF07A7E8}.Ad-Hoc|iPhone.Build.0 = Ad-Hoc|iPhone
		{AF656715-D4F5-4E92-84E0-43F4EF07A7E8}.AppStore|iPhone.ActiveCfg = AppStore|iPhone
		{AF656715-D4F5-4E92-84E0-43F4EF07A7E8}.AppStore|iPhone.Build.0 = AppStore|iPhone
		{AF656715-D4F5-4E92-84E0-43F4EF07A7E8}.Debug|iPhone.ActiveCfg = Debug|iPhone
		{AF656715-D4F5-4E92-84E0-43F4EF07A7E8}.Debug|iPhone.Build.0 = Debug|iPhone
		{AF656715-D4F5-4E92-84E0-43F4EF07A7E8}.Debug|iPhoneSimulator.ActiveCfg = Debug|iPhoneSimulator
		{AF656715-D4F5-4E92-84E0-43F4EF07A7E8}.Debug|iPhoneSimulator.Build.0 = Debug|iPhoneSimulator
		{AF656715-D4F5-4E92-84E0-43F4EF07A7E8}.Release|iPhone.ActiveCfg = Release|iPhone
		{AF656715-D4F5-4E92-84E0-43F4EF07A7E8}.Release|iPhone.Build.0 = Release|iPhone
		{AF656715-D4F5-4E92-84E0-43F4EF07A7E8}.Release|iPhoneSimulator.ActiveCfg = Release|iPhoneSimulator
		{AF656715-D4F5-4E92-84E0-43F4EF07A7E8}.Release|iPhoneSimulator.Build.0 = Release|iPhoneSimulator
	EndGlobalSection
	GlobalSection(MonoDevelopProperties) = preSolution
		StartupItem = MonkeyApp\MonkeyApp.csproj
	EndGlobalSection
EndGlobal
